
Microsoft Visual Studio Solution File, Format Version 12.00
# Visual Studio Version 16
VisualStudioVersion = 16.0.30503.244
MinimumVisualStudioVersion = 10.0.40219.1
Project("{9A19103F-16F7-4668-BE54-9A1E7A4F7556}") = "FaceDetection", "FaceDetection\FaceDetection.csproj", "{960DF0C1-C1EE-44AF-98F3-5B80BC2A865D}"
EndProject
Project("{9A19103F-16F7-4668-BE54-9A1E7A4F7556}") = "FaceDetection.Tests", "FaceDetection.Tests\FaceDetection.Tests.csproj", "{69EAFC23-2E0F-4428-8920-31D17F42AC0C}"
EndProject
Global
	GlobalSection(SolutionConfigurationPlatforms) = preSolution
		Debug|Any CPU = Debug|Any CPU
		Debug|x64 = Debug|x64
		Release|Any CPU = Release|Any CPU
		Release|x64 = Release|x64
	EndGlobalSection
	GlobalSection(ProjectConfigurationPlatforms) = postSolution
		{960DF0C1-C1EE-44AF-98F3-5B80BC2A865D}.Debug|Any CPU.ActiveCfg = Debug|Any CPU
		{960DF0C1-C1EE-44AF-98F3-5B80BC2A865D}.Debug|Any CPU.Build.0 = Debug|Any CPU
		{960DF0C1-C1EE-44AF-98F3-5B80BC2A865D}.Debug|x64.ActiveCfg = Debug|x64
		{960DF0C1-C1EE-44AF-98F3-5B80BC2A865D}.Debug|x64.Build.0 = Debug|x64
		{960DF0C1-C1EE-44AF-98F3-5B80BC2A865D}.Release|Any CPU.ActiveCfg = Release|Any CPU
		{960DF0C1-C1EE-44AF-98F3-5B80BC2A865D}.Release|Any CPU.Build.0 = Release|Any CPU
		{960DF0C1-C1EE-44AF-98F3-5B80BC2A865D}.Release|x64.ActiveCfg = Release|Any CPU
		{960DF0C1-C1EE-44AF-98F3-5B80BC2A865D}.Release|x64.Build.0 = Release|Any CPU
		{69EAFC23-2E0F-4428-8920-31D17F42AC0C}.Debug|Any CPU.ActiveCfg = Debug|Any CPU
		{69EAFC23-2E0F-4428-8920-31D17F42AC0C}.Debug|Any CPU.Build.0 = Debug|Any CPU
		{69EAFC23-2E0F-4428-8920-31D17F42AC0C}.Debug|x64.ActiveCfg = Debug|x64
		{69EAFC23-2E0F-4428-8920-31D17F42AC0C}.Debug|x64.Build.0 = Debug|x64
		{69EAFC23-2E0F-4428-8920-31D17F42AC0C}.Release|Any CPU.ActiveCfg = Release|Any CPU
		{69EAFC23-2E0F-4428-8920-31D17F42AC0C}.Release|Any CPU.Build.0 = Release|Any CPU
		{69EAFC23-2E0F-4428-8920-31D17F42AC0C}.Release|x64.ActiveCfg = Release|Any CPU
		{69EAFC23-2E0F-4428-8920-31D17F42AC0C}.Release|x64.Build.0 = Release|Any CPU
	EndGlobalSection
	GlobalSection(SolutionProperties) = preSolution
		HideSolutionNode = FALSE
	EndGlobalSection
	GlobalSection(ExtensibilityGlobals) = postSolution
		SolutionGuid = {F8911BB1-E335-4491-9175-0A0A6C376D4D}
	EndGlobalSection
EndGlobal
